
Microsoft Visual Studio Solution File, Format Version 12.00
# Visual Studio Version 16
VisualStudioVersion = 16.0.30611.23
MinimumVisualStudioVersion = 10.0.40219.1
Project("{9A19103F-16F7-4668-BE54-9A1E7A4F7556}") = "BookStore-API", "BookStore-API\BookStore-API.csproj", "{013AF25A-5293-454C-A4A2-5F4407F0A7F0}"
EndProject
Project("{9A19103F-16F7-4668-BE54-9A1E7A4F7556}") = "BookStore-UI", "BookStore-UI\BookStore-UI.csproj", "{372AF46B-DCE2-44A4-AAD0-7C0F3686616B}"
EndProject
Project("{9A19103F-16F7-4668-BE54-9A1E7A4F7556}") = "BookStore-UI.WASM", "BookStore-UI.WASM\BookStore-UI.WASM.csproj", "{2547A2CF-45C2-4BEF-9A28-702A012E6ADF}"
EndProject
Global
	GlobalSection(SolutionConfigurationPlatforms) = preSolution
		Debug|Any CPU = Debug|Any CPU
		Release|Any CPU = Release|Any CPU
	EndGlobalSection
	GlobalSection(ProjectConfigurationPlatforms) = postSolution
		{013AF25A-5293-454C-A4A2-5F4407F0A7F0}.Debug|Any CPU.ActiveCfg = Debug|Any CPU
		{013AF25A-5293-454C-A4A2-5F4407F0A7F0}.Debug|Any CPU.Build.0 = Debug|Any CPU
		{013AF25A-5293-454C-A4A2-5F4407F0A7F0}.Release|Any CPU.ActiveCfg = Release|Any CPU
		{013AF25A-5293-454C-A4A2-5F4407F0A7F0}.Release|Any CPU.Build.0 = Release|Any CPU
		{372AF46B-DCE2-44A4-AAD0-7C0F3686616B}.Debug|Any CPU.ActiveCfg = Debug|Any CPU
		{372AF46B-DCE2-44A4-AAD0-7C0F3686616B}.Debug|Any CPU.Build.0 = Debug|Any CPU
		{372AF46B-DCE2-44A4-AAD0-7C0F3686616B}.Release|Any CPU.ActiveCfg = Release|Any CPU
		{372AF46B-DCE2-44A4-AAD0-7C0F3686616B}.Release|Any CPU.Build.0 = Release|Any CPU
		{2547A2CF-45C2-4BEF-9A28-702A012E6ADF}.Debug|Any CPU.ActiveCfg = Debug|Any CPU
		{2547A2CF-45C2-4BEF-9A28-702A012E6ADF}.Debug|Any CPU.Build.0 = Debug|Any CPU
		{2547A2CF-45C2-4BEF-9A28-702A012E6ADF}.Release|Any CPU.ActiveCfg = Release|Any CPU
		{2547A2CF-45C2-4BEF-9A28-702A012E6ADF}.Release|Any CPU.Build.0 = Release|Any CPU
	EndGlobalSection
	GlobalSection(SolutionProperties) = preSolution
		HideSolutionNode = FALSE
	EndGlobalSection
	GlobalSection(ExtensibilityGlobals) = postSolution
		SolutionGuid = {FA2FCF30-A7E8-4E2D-85E4-BB85383EEF2D}
	EndGlobalSection
EndGlobal
